// !$*UTF8*$!
{
	archiveVersion = 1;
	classes = {
	};
	objectVersion = 77;
	objects = {

/* Begin PBXContainerItemProxy section */
		5E9BE27F2D85D6D3006B19EE /* PBXContainerItemProxy */ = {
			isa = PBXContainerItemProxy;
			containerPortal = 5E9BE2622D85D6D2006B19EE /* Project object */;
			proxyType = 1;
			remoteGlobalIDString = 5E9BE2692D85D6D2006B19EE;
			remoteInfo = TImeCaps;
		};
		5E9BE2892D85D6D3006B19EE /* PBXContainerItemProxy */ = {
			isa = PBXContainerItemProxy;
			containerPortal = 5E9BE2622D85D6D2006B19EE /* Project object */;
			proxyType = 1;
			remoteGlobalIDString = 5E9BE2692D85D6D2006B19EE;
			remoteInfo = TImeCaps;
		};
/* End PBXContainerItemProxy section */

/* Begin PBXFileReference section */
		5E9BE26A2D85D6D2006B19EE /* TimeCaps.app */ = {isa = PBXFileReference; explicitFileType = wrapper.application; includeInIndex = 0; path = TimeCaps.app; sourceTree = BUILT_PRODUCTS_DIR; };
		5E9BE27E2D85D6D3006B19EE /* TimeCapsTests.xctest */ = {isa = PBXFileReference; explicitFileType = wrapper.cfbundle; includeInIndex = 0; path = TimeCapsTests.xctest; sourceTree = BUILT_PRODUCTS_DIR; };
		5E9BE2882D85D6D3006B19EE /* TimeCapsUITests.xctest */ = {isa = PBXFileReference; explicitFileType = wrapper.cfbundle; includeInIndex = 0; path = TimeCapsUITests.xctest; sourceTree = BUILT_PRODUCTS_DIR; };
/* End PBXFileReference section */

/* Begin PBXFileSystemSynchronizedBuildFileExceptionSet section */
		5E9BE2902D85D6D3006B19EE /* Exceptions for "TImeCaps" folder in "TimeCaps" target */ = {
			isa = PBXFileSystemSynchronizedBuildFileExceptionSet;
			membershipExceptions = (
				Info.plist,
			);
			target = 5E9BE2692D85D6D2006B19EE /* TimeCaps */;
		};
/* End PBXFileSystemSynchronizedBuildFileExceptionSet section */

/* Begin PBXFileSystemSynchronizedRootGroup section */
		5E9BE26C2D85D6D2006B19EE /* TImeCaps */ = {
			isa = PBXFileSystemSynchronizedRootGroup;
			exceptions = (
				5E9BE2902D85D6D3006B19EE /* Exceptions for "TImeCaps" folder in "TimeCaps" target */,
			);
			path = TImeCaps;
			sourceTree = "<group>";
		};
		5E9BE2812D85D6D3006B19EE /* TImeCapsTests */ = {
			isa = PBXFileSystemSynchronizedRootGroup;
			path = TImeCapsTests;
			sourceTree = "<group>";
		};
		5E9BE28B2D85D6D3006B19EE /* TImeCapsUITests */ = {
			isa = PBXFileSystemSynchronizedRootGroup;
			path = TImeCapsUITests;
			sourceTree = "<group>";
		};
/* End PBXFileSystemSynchronizedRootGroup section */

/* Begin PBXFrameworksBuildPhase section */
		5E9BE2672D85D6D2006B19EE /* Frameworks */ = {
			isa = PBXFrameworksBuildPhase;
			buildActionMask = 2147483647;
			files = (
			);
			runOnlyForDeploymentPostprocessing = 0;
		};
		5E9BE27B2D85D6D3006B19EE /* Frameworks */ = {
			isa = PBXFrameworksBuildPhase;
			buildActionMask = 2147483647;
			files = (
			);
			runOnlyForDeploymentPostprocessing = 0;
		};
		5E9BE2852D85D6D3006B19EE /* Frameworks */ = {
			isa = PBXFrameworksBuildPhase;
			buildActionMask = 2147483647;
			files = (
			);
			runOnlyForDeploymentPostprocessing = 0;
		};
/* End PBXFrameworksBuildPhase section */

/* Begin PBXGroup section */
		5E9BE2612D85D6D2006B19EE = {
			isa = PBXGroup;
			children = (
				5E9BE26C2D85D6D2006B19EE /* TImeCaps */,
				5E9BE2812D85D6D3006B19EE /* TImeCapsTests */,
				5E9BE28B2D85D6D3006B19EE /* TImeCapsUITests */,
				5E9BE26B2D85D6D2006B19EE /* Products */,
			);
			sourceTree = "<group>";
		};
		5E9BE26B2D85D6D2006B19EE /* Products */ = {
			isa = PBXGroup;
			children = (
				5E9BE26A2D85D6D2006B19EE /* TimeCaps.app */,
				5E9BE27E2D85D6D3006B19EE /* TimeCapsTests.xctest */,
				5E9BE2882D85D6D3006B19EE /* TimeCapsUITests.xctest */,
			);
			name = Products;
			sourceTree = "<group>";
		};
/* End PBXGroup section */

/* Begin PBXNativeTarget section */
		5E9BE2692D85D6D2006B19EE /* TimeCaps */ = {
			isa = PBXNativeTarget;
			buildConfigurationList = 5E9BE2912D85D6D3006B19EE /* Build configuration list for PBXNativeTarget "TimeCaps" */;
			buildPhases = (
				5E9BE2662D85D6D2006B19EE /* Sources */,
				5E9BE2672D85D6D2006B19EE /* Frameworks */,
				5E9BE2682D85D6D2006B19EE /* Resources */,
			);
			buildRules = (
			);
			dependencies = (
			);
			fileSystemSynchronizedGroups = (
				5E9BE26C2D85D6D2006B19EE /* TImeCaps */,
			);
			name = TimeCaps;
			packageProductDependencies = (
			);
			productName = TImeCaps;
			productReference = 5E9BE26A2D85D6D2006B19EE /* TimeCaps.app */;
			productType = "com.apple.product-type.application";
		};
		5E9BE27D2D85D6D3006B19EE /* TimeCapsTests */ = {
			isa = PBXNativeTarget;
			buildConfigurationList = 5E9BE2962D85D6D3006B19EE /* Build configuration list for PBXNativeTarget "TimeCapsTests" */;
			buildPhases = (
				5E9BE27A2D85D6D3006B19EE /* Sources */,
				5E9BE27B2D85D6D3006B19EE /* Frameworks */,
				5E9BE27C2D85D6D3006B19EE /* Resources */,
			);
			buildRules = (
			);
			dependencies = (
				5E9BE2802D85D6D3006B19EE /* PBXTargetDependency */,
			);
			fileSystemSynchronizedGroups = (
				5E9BE2812D85D6D3006B19EE /* TImeCapsTests */,
			);
			name = TimeCapsTests;
			packageProductDependencies = (
			);
			productName = TImeCapsTests;
			productReference = 5E9BE27E2D85D6D3006B19EE /* TimeCapsTests.xctest */;
			productType = "com.apple.product-type.bundle.unit-test";
		};
		5E9BE2872D85D6D3006B19EE /* TimeCapsUITests */ = {
			isa = PBXNativeTarget;
			buildConfigurationList = 5E9BE2992D85D6D3006B19EE /* Build configuration list for PBXNativeTarget "TimeCapsUITests" */;
			buildPhases = (
				5E9BE2842D85D6D3006B19EE /* Sources */,
				5E9BE2852D85D6D3006B19EE /* Frameworks */,
				5E9BE2862D85D6D3006B19EE /* Resources */,
			);
			buildRules = (
			);
			dependencies = (
				5E9BE28A2D85D6D3006B19EE /* PBXTargetDependency */,
			);
			fileSystemSynchronizedGroups = (
				5E9BE28B2D85D6D3006B19EE /* TImeCapsUITests */,
			);
			name = TimeCapsUITests;
			packageProductDependencies = (
			);
			productName = TImeCapsUITests;
			productReference = 5E9BE2882D85D6D3006B19EE /* TimeCapsUITests.xctest */;
			productType = "com.apple.product-type.bundle.ui-testing";
		};
/* End PBXNativeTarget section */

/* Begin PBXProject section */
		5E9BE2622D85D6D2006B19EE /* Project object */ = {
			isa = PBXProject;
			attributes = {
				BuildIndependentTargetsInParallel = 1;
				LastSwiftUpdateCheck = 1620;
				LastUpgradeCheck = 1620;
				TargetAttributes = {
					5E9BE2692D85D6D2006B19EE = {
						CreatedOnToolsVersion = 16.2;
					};
					5E9BE27D2D85D6D3006B19EE = {
						CreatedOnToolsVersion = 16.2;
						TestTargetID = 5E9BE2692D85D6D2006B19EE;
					};
					5E9BE2872D85D6D3006B19EE = {
						CreatedOnToolsVersion = 16.2;
						TestTargetID = 5E9BE2692D85D6D2006B19EE;
					};
				};
			};
			buildConfigurationList = 5E9BE2652D85D6D2006B19EE /* Build configuration list for PBXProject "TimeCaps" */;
			developmentRegion = en;
			hasScannedForEncodings = 0;
			knownRegions = (
				en,
				Base,
			);
			mainGroup = 5E9BE2612D85D6D2006B19EE;
			minimizedProjectReferenceProxies = 1;
			preferredProjectObjectVersion = 77;
			productRefGroup = 5E9BE26B2D85D6D2006B19EE /* Products */;
			projectDirPath = "";
			projectRoot = "";
			targets = (
				5E9BE2692D85D6D2006B19EE /* TimeCaps */,
				5E9BE27D2D85D6D3006B19EE /* TimeCapsTests */,
				5E9BE2872D85D6D3006B19EE /* TimeCapsUITests */,
			);
		};
/* End PBXProject section */

/* Begin PBXResourcesBuildPhase section */
		5E9BE2682D85D6D2006B19EE /* Resources */ = {
			isa = PBXResourcesBuildPhase;
			buildActionMask = 2147483647;
			files = (
			);
			runOnlyForDeploymentPostprocessing = 0;
		};
		5E9BE27C2D85D6D3006B19EE /* Resources */ = {
			isa = PBXResourcesBuildPhase;
			buildActionMask = 2147483647;
			files = (
			);
			runOnlyForDeploymentPostprocessing = 0;
		};
		5E9BE2862D85D6D3006B19EE /* Resources */ = {
			isa = PBXResourcesBuildPhase;
			buildActionMask = 2147483647;
			files = (
			);
			runOnlyForDeploymentPostprocessing = 0;
		};
/* End PBXResourcesBuildPhase section */

/* Begin PBXSourcesBuildPhase section */
		5E9BE2662D85D6D2006B19EE /* Sources */ = {
			isa = PBXSourcesBuildPhase;
			buildActionMask = 2147483647;
			files = (
			);
			runOnlyForDeploymentPostprocessing = 0;
		};
		5E9BE27A2D85D6D3006B19EE /* Sources */ = {
			isa = PBXSourcesBuildPhase;
			buildActionMask = 2147483647;
			files = (
			);
			runOnlyForDeploymentPostprocessing = 0;
		};
		5E9BE2842D85D6D3006B19EE /* Sources */ = {
			isa = PBXSourcesBuildPhase;
			buildActionMask = 2147483647;
			files = (
			);
			runOnlyForDeploymentPostprocessing = 0;
		};
/* End PBXSourcesBuildPhase section */

/* Begin PBXTargetDependency section */
		5E9BE2802D85D6D3006B19EE /* PBXTargetDependency */ = {
			isa = PBXTargetDependency;
			target = 5E9BE2692D85D6D2006B19EE /* TimeCaps */;
			targetProxy = 5E9BE27F2D85D6D3006B19EE /* PBXContainerItemProxy */;
		};
		5E9BE28A2D85D6D3006B19EE /* PBXTargetDependency */ = {
			isa = PBXTargetDependency;
			target = 5E9BE2692D85D6D2006B19EE /* TimeCaps */;
			targetProxy = 5E9BE2892D85D6D3006B19EE /* PBXContainerItemProxy */;
		};
/* End PBXTargetDependency section */

/* Begin XCBuildConfiguration section */
		5E9BE2922D85D6D3006B19EE /* Debug */ = {
			isa = XCBuildConfiguration;
			buildSettings = {
				ASSETCATALOG_COMPILER_APPICON_NAME = AppIcon;
				"ASSETCATALOG_COMPILER_APPICON_NAME[sdk=xros*]" = VisionAppIcon;
				ASSETCATALOG_COMPILER_GLOBAL_ACCENT_COLOR_NAME = AccentColor;
				ASSETCATALOG_COMPILER_INCLUDE_ALL_APPICON_ASSETS = YES;
				CODE_SIGN_ENTITLEMENTS = TImeCaps/TImeCaps.entitlements;
				CODE_SIGN_STYLE = Automatic;
				CURRENT_PROJECT_VERSION = 1;
				DEVELOPMENT_ASSET_PATHS = "\"TImeCaps/Preview Content\"";
				DEVELOPMENT_TEAM = 9XCKWAKCP6;
				ENABLE_HARDENED_RUNTIME = YES;
				ENABLE_PREVIEWS = YES;
				GENERATE_INFOPLIST_FILE = YES;
				INFOPLIST_FILE = TImeCaps/Info.plist;
				INFOPLIST_KEY_LSApplicationCategoryType = "public.app-category.lifestyle";
				INFOPLIST_KEY_NSMicrophoneUsageDescription = "TimeCap needs microphone access for the voice notes feature.";
				"INFOPLIST_KEY_UIApplicationSceneManifest_Generation[sdk=iphoneos*]" = YES;
				"INFOPLIST_KEY_UIApplicationSceneManifest_Generation[sdk=iphonesimulator*]" = YES;
				"INFOPLIST_KEY_UIApplicationSupportsIndirectInputEvents[sdk=iphoneos*]" = YES;
				"INFOPLIST_KEY_UIApplicationSupportsIndirectInputEvents[sdk=iphonesimulator*]" = YES;
				"INFOPLIST_KEY_UILaunchScreen_Generation[sdk=iphoneos*]" = YES;
				"INFOPLIST_KEY_UILaunchScreen_Generation[sdk=iphonesimulator*]" = YES;
				"INFOPLIST_KEY_UIStatusBarStyle[sdk=iphoneos*]" = UIStatusBarStyleDefault;
				"INFOPLIST_KEY_UIStatusBarStyle[sdk=iphonesimulator*]" = UIStatusBarStyleDefault;
				INFOPLIST_KEY_UISupportedInterfaceOrientations_iPad = "UIInterfaceOrientationPortrait UIInterfaceOrientationPortraitUpsideDown UIInterfaceOrientationLandscapeLeft UIInterfaceOrientationLandscapeRight";
				INFOPLIST_KEY_UISupportedInterfaceOrientations_iPhone = "UIInterfaceOrientationPortrait UIInterfaceOrientationLandscapeLeft UIInterfaceOrientationLandscapeRight";
				IPHONEOS_DEPLOYMENT_TARGET = 17.6;
				LD_RUNPATH_SEARCH_PATHS = "@executable_path/Frameworks";
				"LD_RUNPATH_SEARCH_PATHS[sdk=macosx*]" = "@executable_path/../Frameworks";
				MACOSX_DEPLOYMENT_TARGET = 14.6;
				MARKETING_VERSION = 0.1;
				PRODUCT_BUNDLE_IDENTIFIER = ash.TimeCaps;
				"PRODUCT_BUNDLE_IDENTIFIER[sdk=iphoneos*]" = ash.TimeCaps.iOS;
				"PRODUCT_BUNDLE_IDENTIFIER[sdk=macosx*]" = ash.TimeCaps.macOS;
				"PRODUCT_BUNDLE_IDENTIFIER[sdk=xros*]" = ash.TimeCaps.visionOS;
				PRODUCT_NAME = "$(TARGET_NAME)";
				SDKROOT = auto;
				SUPPORTED_PLATFORMS = "iphoneos iphonesimulator macosx xros xrsimulator";
				SWIFT_EMIT_LOC_STRINGS = YES;
				SWIFT_VERSION = 5.0;
				TARGETED_DEVICE_FAMILY = "1,2,7";
				XROS_DEPLOYMENT_TARGET = 1.3;
			};
			name = Debug;
		};
		5E9BE2932D85D6D3006B19EE /* Release */ = {
			isa = XCBuildConfiguration;
			buildSettings = {
				ASSETCATALOG_COMPILER_APPICON_NAME = AppIcon;
				"ASSETCATALOG_COMPILER_APPICON_NAME[sdk=xros*]" = VisionAppIcon;
				ASSETCATALOG_COMPILER_GLOBAL_ACCENT_COLOR_NAME = AccentColor;
				ASSETCATALOG_COMPILER_INCLUDE_ALL_APPICON_ASSETS = YES;
				CODE_SIGN_ENTITLEMENTS = TImeCaps/TImeCaps.entitlements;
				CODE_SIGN_STYLE = Automatic;
				CURRENT_PROJECT_VERSION = 1;
				DEVELOPMENT_ASSET_PATHS = "\"TImeCaps/Preview Content\"";
				DEVELOPMENT_TEAM = 9XCKWAKCP6;
				ENABLE_HARDENED_RUNTIME = YES;
				ENABLE_PREVIEWS = YES;
				GENERATE_INFOPLIST_FILE = YES;
				INFOPLIST_FILE = TImeCaps/Info.plist;
				INFOPLIST_KEY_LSApplicationCategoryType = "public.app-category.lifestyle";
				INFOPLIST_KEY_NSMicrophoneUsageDescription = "TimeCap needs microphone access for the voice notes feature.";
				"INFOPLIST_KEY_UIApplicationSceneManifest_Generation[sdk=iphoneos*]" = YES;
				"INFOPLIST_KEY_UIApplicationSceneManifest_Generation[sdk=iphonesimulator*]" = YES;
				"INFOPLIST_KEY_UIApplicationSupportsIndirectInputEvents[sdk=iphoneos*]" = YES;
				"INFOPLIST_KEY_UIApplicationSupportsIndirectInputEvents[sdk=iphonesimulator*]" = YES;
				"INFOPLIST_KEY_UILaunchScreen_Generation[sdk=iphoneos*]" = YES;
				"INFOPLIST_KEY_UILaunchScreen_Generation[sdk=iphonesimulator*]" = YES;
				"INFOPLIST_KEY_UIStatusBarStyle[sdk=iphoneos*]" = UIStatusBarStyleDefault;
				"INFOPLIST_KEY_UIStatusBarStyle[sdk=iphonesimulator*]" = UIStatusBarStyleDefault;
				INFOPLIST_KEY_UISupportedInterfaceOrientations_iPad = "UIInterfaceOrientationPortrait UIInterfaceOrientationPortraitUpsideDown UIInterfaceOrientationLandscapeLeft UIInterfaceOrientationLandscapeRight";
				INFOPLIST_KEY_UISupportedInterfaceOrientations_iPhone = "UIInterfaceOrientationPortrait UIInterfaceOrientationLandscapeLeft UIInterfaceOrientationLandscapeRight";
				IPHONEOS_DEPLOYMENT_TARGET = 17.6;
				LD_RUNPATH_SEARCH_PATHS = "@executable_path/Frameworks";
				"LD_RUNPATH_SEARCH_PATHS[sdk=macosx*]" = "@executable_path/../Frameworks";
				MACOSX_DEPLOYMENT_TARGET = 14.6;
				MARKETING_VERSION = 0.1;
				PRODUCT_BUNDLE_IDENTIFIER = ash.TimeCaps;
				"PRODUCT_BUNDLE_IDENTIFIER[sdk=iphoneos*]" = ash.TimeCaps.iOS;
				"PRODUCT_BUNDLE_IDENTIFIER[sdk=macosx*]" = ash.TimeCaps.macOS;
				"PRODUCT_BUNDLE_IDENTIFIER[sdk=xros*]" = ash.TimeCaps.visionOS;
				PRODUCT_NAME = "$(TARGET_NAME)";
				SDKROOT = auto;
				SUPPORTED_PLATFORMS = "iphoneos iphonesimulator macosx xros xrsimulator";
				SWIFT_EMIT_LOC_STRINGS = YES;
				SWIFT_VERSION = 5.0;
				TARGETED_DEVICE_FAMILY = "1,2,7";
				XROS_DEPLOYMENT_TARGET = 1.3;
			};
			name = Release;
		};
		5E9BE2942D85D6D3006B19EE /* Debug */ = {
			isa = XCBuildConfiguration;
			buildSettings = {
				ALWAYS_SEARCH_USER_PATHS = NO;
				ASSETCATALOG_COMPILER_GENERATE_SWIFT_ASSET_SYMBOL_EXTENSIONS = YES;
				CLANG_ANALYZER_NONNULL = YES;
				CLANG_ANALYZER_NUMBER_OBJECT_CONVERSION = YES_AGGRESSIVE;
				CLANG_CXX_LANGUAGE_STANDARD = "gnu++20";
				CLANG_ENABLE_MODULES = YES;
				CLANG_ENABLE_OBJC_ARC = YES;
				CLANG_ENABLE_OBJC_WEAK = YES;
				CLANG_WARN_BLOCK_CAPTURE_AUTORELEASING = YES;
				CLANG_WARN_BOOL_CONVERSION = YES;
				CLANG_WARN_COMMA = YES;
				CLANG_WARN_CONSTANT_CONVERSION = YES;
				CLANG_WARN_DEPRECATED_OBJC_IMPLEMENTATIONS = YES;
				CLANG_WARN_DIRECT_OBJC_ISA_USAGE = YES_ERROR;
				CLANG_WARN_DOCUMENTATION_COMMENTS = YES;
				CLANG_WARN_EMPTY_BODY = YES;
				CLANG_WARN_ENUM_CONVERSION = YES;
				CLANG_WARN_INFINITE_RECURSION = YES;
				CLANG_WARN_INT_CONVERSION = YES;
				CLANG_WARN_NON_LITERAL_NULL_CONVERSION = YES;
				CLANG_WARN_OBJC_IMPLICIT_RETAIN_SELF = YES;
				CLANG_WARN_OBJC_LITERAL_CONVERSION = YES;
				CLANG_WARN_OBJC_ROOT_CLASS = YES_ERROR;
				CLANG_WARN_QUOTED_INCLUDE_IN_FRAMEWORK_HEADER = YES;
				CLANG_WARN_RANGE_LOOP_ANALYSIS = YES;
				CLANG_WARN_STRICT_PROTOTYPES = YES;
				CLANG_WARN_SUSPICIOUS_MOVE = YES;
				CLANG_WARN_UNGUARDED_AVAILABILITY = YES_AGGRESSIVE;
				CLANG_WARN_UNREACHABLE_CODE = YES;
				CLANG_WARN__DUPLICATE_METHOD_MATCH = YES;
				COPY_PHASE_STRIP = NO;
				DEBUG_INFORMATION_FORMAT = dwarf;
				ENABLE_STRICT_OBJC_MSGSEND = YES;
				ENABLE_TESTABILITY = YES;
				ENABLE_USER_SCRIPT_SANDBOXING = YES;
				GCC_C_LANGUAGE_STANDARD = gnu17;
				GCC_DYNAMIC_NO_PIC = NO;
				GCC_NO_COMMON_BLOCKS = YES;
				GCC_OPTIMIZATION_LEVEL = 0;
				GCC_PREPROCESSOR_DEFINITIONS = (
					"DEBUG=1",
					"$(inherited)",
				);
				GCC_WARN_64_TO_32_BIT_CONVERSION = YES;
				GCC_WARN_ABOUT_RETURN_TYPE = YES_ERROR;
				GCC_WARN_UNDECLARED_SELECTOR = YES;
				GCC_WARN_UNINITIALIZED_AUTOS = YES_AGGRESSIVE;
				GCC_WARN_UNUSED_FUNCTION = YES;
				GCC_WARN_UNUSED_VARIABLE = YES;
				LOCALIZATION_PREFERS_STRING_CATALOGS = YES;
				MTL_ENABLE_DEBUG_INFO = INCLUDE_SOURCE;
				MTL_FAST_MATH = YES;
				ONLY_ACTIVE_ARCH = YES;
				SWIFT_ACTIVE_COMPILATION_CONDITIONS = "DEBUG $(inherited)";
				SWIFT_OPTIMIZATION_LEVEL = "-Onone";
			};
			name = Debug;
		};
		5E9BE2952D85D6D3006B19EE /* Release */ = {
			isa = XCBuildConfiguration;
			buildSettings = {
				ALWAYS_SEARCH_USER_PATHS = NO;
				ASSETCATALOG_COMPILER_GENERATE_SWIFT_ASSET_SYMBOL_EXTENSIONS = YES;
				CLANG_ANALYZER_NONNULL = YES;
				CLANG_ANALYZER_NUMBER_OBJECT_CONVERSION = YES_AGGRESSIVE;
				CLANG_CXX_LANGUAGE_STANDARD = "gnu++20";
				CLANG_ENABLE_MODULES = YES;
				CLANG_ENABLE_OBJC_ARC = YES;
				CLANG_ENABLE_OBJC_WEAK = YES;
				CLANG_WARN_BLOCK_CAPTURE_AUTORELEASING = YES;
				CLANG_WARN_BOOL_CONVERSION = YES;
				CLANG_WARN_COMMA = YES;
				CLANG_WARN_CONSTANT_CONVERSION = YES;
				CLANG_WARN_DEPRECATED_OBJC_IMPLEMENTATIONS = YES;
				CLANG_WARN_DIRECT_OBJC_ISA_USAGE = YES_ERROR;
				CLANG_WARN_DOCUMENTATION_COMMENTS = YES;
				CLANG_WARN_EMPTY_BODY = YES;
				CLANG_WARN_ENUM_CONVERSION = YES;
				CLANG_WARN_INFINITE_RECURSION = YES;
				CLANG_WARN_INT_CONVERSION = YES;
				CLANG_WARN_NON_LITERAL_NULL_CONVERSION = YES;
				CLANG_WARN_OBJC_IMPLICIT_RETAIN_SELF = YES;
				CLANG_WARN_OBJC_LITERAL_CONVERSION = YES;
				CLANG_WARN_OBJC_ROOT_CLASS = YES_ERROR;
				CLANG_WARN_QUOTED_INCLUDE_IN_FRAMEWORK_HEADER = YES;
				CLANG_WARN_RANGE_LOOP_ANALYSIS = YES;
				CLANG_WARN_STRICT_PROTOTYPES = YES;
				CLANG_WARN_SUSPICIOUS_MOVE = YES;
				CLANG_WARN_UNGUARDED_AVAILABILITY = YES_AGGRESSIVE;
				CLANG_WARN_UNREACHABLE_CODE = YES;
				CLANG_WARN__DUPLICATE_METHOD_MATCH = YES;
				COPY_PHASE_STRIP = NO;
				DEBUG_INFORMATION_FORMAT = "dwarf-with-dsym";
				ENABLE_NS_ASSERTIONS = NO;
				ENABLE_STRICT_OBJC_MSGSEND = YES;
				ENABLE_USER_SCRIPT_SANDBOXING = YES;
				GCC_C_LANGUAGE_STANDARD = gnu17;
				GCC_NO_COMMON_BLOCKS = YES;
				GCC_WARN_64_TO_32_BIT_CONVERSION = YES;
				GCC_WARN_ABOUT_RETURN_TYPE = YES_ERROR;
				GCC_WARN_UNDECLARED_SELECTOR = YES;
				GCC_WARN_UNINITIALIZED_AUTOS = YES_AGGRESSIVE;
				GCC_WARN_UNUSED_FUNCTION = YES;
				GCC_WARN_UNUSED_VARIABLE = YES;
				LOCALIZATION_PREFERS_STRING_CATALOGS = YES;
				MTL_ENABLE_DEBUG_INFO = NO;
				MTL_FAST_MATH = YES;
				SWIFT_COMPILATION_MODE = wholemodule;
			};
			name = Release;
		};
		5E9BE2972D85D6D3006B19EE /* Debug */ = {
			isa = XCBuildConfiguration;
			buildSettings = {
				BUNDLE_LOADER = "$(TEST_HOST)";
				CODE_SIGN_STYLE = Automatic;
				CURRENT_PROJECT_VERSION = 1;
				DEVELOPMENT_TEAM = UCN29PZL3V;
				GENERATE_INFOPLIST_FILE = YES;
				IPHONEOS_DEPLOYMENT_TARGET = 18.2;
				MACOSX_DEPLOYMENT_TARGET = 15.2;
				MARKETING_VERSION = 1.0;
				PRODUCT_BUNDLE_IDENTIFIER = ash.TImeCapsTests;
				PRODUCT_NAME = "$(TARGET_NAME)";
				SDKROOT = auto;
				SUPPORTED_PLATFORMS = "iphoneos iphonesimulator macosx xros xrsimulator";
				SWIFT_EMIT_LOC_STRINGS = NO;
				SWIFT_VERSION = 5.0;
				TARGETED_DEVICE_FAMILY = "1,2,7";
				TEST_HOST = "$(BUILT_PRODUCTS_DIR)/TimeCaps.app/$(BUNDLE_EXECUTABLE_FOLDER_PATH)/TimeCaps";
				XROS_DEPLOYMENT_TARGET = 2.2;
			};
			name = Debug;
		};
		5E9BE2982D85D6D3006B19EE /* Release */ = {
			isa = XCBuildConfiguration;
			buildSettings = {
				BUNDLE_LOADER = "$(TEST_HOST)";
				CODE_SIGN_STYLE = Automatic;
				CURRENT_PROJECT_VERSION = 1;
				DEVELOPMENT_TEAM = UCN29PZL3V;
				GENERATE_INFOPLIST_FILE = YES;
				IPHONEOS_DEPLOYMENT_TARGET = 18.2;
				MACOSX_DEPLOYMENT_TARGET = 15.2;
				MARKETING_VERSION = 1.0;
				PRODUCT_BUNDLE_IDENTIFIER = ash.TImeCapsTests;
				PRODUCT_NAME = "$(TARGET_NAME)";
				SDKROOT = auto;
				SUPPORTED_PLATFORMS = "iphoneos iphonesimulator macosx xros xrsimulator";
				SWIFT_EMIT_LOC_STRINGS = NO;
				SWIFT_VERSION = 5.0;
				TARGETED_DEVICE_FAMILY = "1,2,7";
				TEST_HOST = "$(BUILT_PRODUCTS_DIR)/TimeCaps.app/$(BUNDLE_EXECUTABLE_FOLDER_PATH)/TimeCaps";
				XROS_DEPLOYMENT_TARGET = 2.2;
			};
			name = Release;
		};
		5E9BE29A2D85D6D3006B19EE /* Debug */ = {
			isa = XCBuildConfiguration;
			buildSettings = {
				CODE_SIGN_STYLE = Automatic;
				CURRENT_PROJECT_VERSION = 1;
				DEVELOPMENT_TEAM = UCN29PZL3V;
				GENERATE_INFOPLIST_FILE = YES;
				IPHONEOS_DEPLOYMENT_TARGET = 18.2;
				MACOSX_DEPLOYMENT_TARGET = 15.2;
				MARKETING_VERSION = 1.0;
				PRODUCT_BUNDLE_IDENTIFIER = ash.TImeCapsUITests;
				PRODUCT_NAME = "$(TARGET_NAME)";
				SDKROOT = auto;
				SUPPORTED_PLATFORMS = "iphoneos iphonesimulator macosx xros xrsimulator";
				SWIFT_EMIT_LOC_STRINGS = NO;
				SWIFT_VERSION = 5.0;
				TARGETED_DEVICE_FAMILY = "1,2,7";
				TEST_TARGET_NAME = TImeCaps;
				XROS_DEPLOYMENT_TARGET = 2.2;
			};
			name = Debug;
		};
		5E9BE29B2D85D6D3006B19EE /* Release */ = {
			isa = XCBuildConfiguration;
			buildSettings = {
				CODE_SIGN_STYLE = Automatic;
				CURRENT_PROJECT_VERSION = 1;
				DEVELOPMENT_TEAM = UCN29PZL3V;
				GENERATE_INFOPLIST_FILE = YES;
				IPHONEOS_DEPLOYMENT_TARGET = 18.2;
				MACOSX_DEPLOYMENT_TARGET = 15.2;
				MARKETING_VERSION = 1.0;
				PRODUCT_BUNDLE_IDENTIFIER = ash.TImeCapsUITests;
				PRODUCT_NAME = "$(TARGET_NAME)";
				SDKROOT = auto;
				SUPPORTED_PLATFORMS = "iphoneos iphonesimulator macosx xros xrsimulator";
				SWIFT_EMIT_LOC_STRINGS = NO;
				SWIFT_VERSION = 5.0;
				TARGETED_DEVICE_FAMILY = "1,2,7";
				TEST_TARGET_NAME = TImeCaps;
				XROS_DEPLOYMENT_TARGET = 2.2;
			};
			name = Release;
		};
/* End XCBuildConfiguration section */

/* Begin XCConfigurationList section */
		5E9BE2652D85D6D2006B19EE /* Build configuration list for PBXProject "TimeCaps" */ = {
			isa = XCConfigurationList;
			buildConfigurations = (
				5E9BE2942D85D6D3006B19EE /* Debug */,
				5E9BE2952D85D6D3006B19EE /* Release */,
			);
			defaultConfigurationIsVisible = 0;
			defaultConfigurationName = Release;
		};
		5E9BE2912D85D6D3006B19EE /* Build configuration list for PBXNativeTarget "TimeCaps" */ = {
			isa = XCConfigurationList;
			buildConfigurations = (
				5E9BE2922D85D6D3006B19EE /* Debug */,
				5E9BE2932D85D6D3006B19EE /* Release */,
			);
			defaultConfigurationIsVisible = 0;
			defaultConfigurationName = Release;
		};
		5E9BE2962D85D6D3006B19EE /* Build configuration list for PBXNativeTarget "TimeCapsTests" */ = {
			isa = XCConfigurationList;
			buildConfigurations = (
				5E9BE2972D85D6D3006B19EE /* Debug */,
				5E9BE2982D85D6D3006B19EE /* Release */,
			);
			defaultConfigurationIsVisible = 0;
			defaultConfigurationName = Release;
		};
		5E9BE2992D85D6D3006B19EE /* Build configuration list for PBXNativeTarget "TimeCapsUITests" */ = {
			isa = XCConfigurationList;
			buildConfigurations = (
				5E9BE29A2D85D6D3006B19EE /* Debug */,
				5E9BE29B2D85D6D3006B19EE /* Release */,
			);
			defaultConfigurationIsVisible = 0;
			defaultConfigurationName = Release;
		};
/* End XCConfigurationList section */
	};
	rootObject = 5E9BE2622D85D6D2006B19EE /* Project object */;
}
